<?xml version="1.0" encoding="UTF-8" standalone="yes" ?>
<CodeBlocks_project_file>
	<FileVersion major="1" minor="6" />
	<Project>
		<Option title="rplidar_custom" />
		<Option pch_mode="2" />
		<Option compiler="gcc" />
		<Build>
			<Target title="Debug">
				<Option output="bin/Debug/rplidar_custom" prefix_auto="1" extension_auto="1" />
				<Option object_output="obj/Debug/" />
				<Option type="1" />
				<Option compiler="gcc" />
				<Option parameters="/dev/ttyUSB1" />
				<Compiler>
					<Add option="-g" />
				</Compiler>
				<Linker>
					<Add option="-pthread" />
					<Add library="rplidar_sdk_v1.4.5/sdk/output/Linux/Release/librplidar_sdk.a" />
				</Linker>
			</Target>
			<Target title="Release">
				<Option output="bin/Release/rplidar_custom" prefix_auto="1" extension_auto="1" />
				<Option object_output="obj/Release/" />
				<Option type="1" />
				<Option compiler="gcc" />
				<Compiler>
					<Add option="-O2" />
				</Compiler>
				<Linker>
					<Add option="-s" />
				</Linker>
			</Target>
		</Build>
		<Compiler>
			<Add option="-Wall" />
			<Add option="-fexceptions" />
		</Compiler>
		<Unit filename="main.cpp" />
		<Unit filename="rplidar_api.cpp" />
		<Unit filename="rplidar_api.h" />
		<Unit filename="rplidar_sdk_v1.4.5/sdk/sdk/include/rplidar.h" />
		<Unit filename="rplidar_sdk_v1.4.5/sdk/sdk/include/rplidar_cmd.h" />
		<Unit filename="rplidar_sdk_v1.4.5/sdk/sdk/include/rplidar_driver.h" />
		<Unit filename="rplidar_sdk_v1.4.5/sdk/sdk/include/rplidar_protocol.h" />
		<Unit filename="rplidar_sdk_v1.4.5/sdk/sdk/include/rptypes.h" />
		<Extensions>
			<envvars />
			<code_completion />
			<debugger />
		</Extensions>
	</Project>
</CodeBlocks_project_file>
